
Microsoft Visual Studio Solution File, Format Version 12.00
# Visual Studio Version 17
VisualStudioVersion = 17.5.33502.453
MinimumVisualStudioVersion = 10.0.40219.1
Project("{FAE04EC0-301F-11D3-BF4B-00C04F79EFBC}") = "MyShopPet", "MyShopPet.csproj", "{594FB747-EBF2-417A-8DD2-244C1745D21F}"
EndProject
Global
	GlobalSection(SolutionConfigurationPlatforms) = preSolution
		Debug|Any CPU = Debug|Any CPU
		Release|Any CPU = Release|Any CPU
	EndGlobalSection
	GlobalSection(ProjectConfigurationPlatforms) = postSolution
		{594FB747-EBF2-417A-8DD2-244C1745D21F}.Debug|Any CPU.ActiveCfg = Debug|Any CPU
		{594FB747-EBF2-417A-8DD2-244C1745D21F}.Debug|Any CPU.Build.0 = Debug|Any CPU
		{594FB747-EBF2-417A-8DD2-244C1745D21F}.Release|Any CPU.ActiveCfg = Release|Any CPU
		{594FB747-EBF2-417A-8DD2-244C1745D21F}.Release|Any CPU.Build.0 = Release|Any CPU
	EndGlobalSection
	GlobalSection(SolutionProperties) = preSolution
		HideSolutionNode = FALSE
	EndGlobalSection
	GlobalSection(ExtensibilityGlobals) = postSolution
		SolutionGuid = {EF5E0A47-64E3-4B44-B357-83C8D4607BCA}
	EndGlobalSection
EndGlobal
